
Microsoft Visual Studio Solution File, Format Version 12.00
# Visual Studio Version 17
VisualStudioVersion = 17.9.34616.47
MinimumVisualStudioVersion = 10.0.40219.1
Project("{FAE04EC0-301F-11D3-BF4B-00C04F79EFBC}") = "BloggingPlatform", "BloggingPlatform\BloggingPlatform.csproj", "{95A7FE5F-17BC-439C-9100-19586357D10A}"
EndProject
Global
	GlobalSection(SolutionConfigurationPlatforms) = preSolution
		Debug|Any CPU = Debug|Any CPU
		Release|Any CPU = Release|Any CPU
	EndGlobalSection
	GlobalSection(ProjectConfigurationPlatforms) = postSolution
		{95A7FE5F-17BC-439C-9100-19586357D10A}.Debug|Any CPU.ActiveCfg = Debug|Any CPU
		{95A7FE5F-17BC-439C-9100-19586357D10A}.Debug|Any CPU.Build.0 = Debug|Any CPU
		{95A7FE5F-17BC-439C-9100-19586357D10A}.Release|Any CPU.ActiveCfg = Release|Any CPU
		{95A7FE5F-17BC-439C-9100-19586357D10A}.Release|Any CPU.Build.0 = Release|Any CPU
	EndGlobalSection
	GlobalSection(SolutionProperties) = preSolution
		HideSolutionNode = FALSE
	EndGlobalSection
	GlobalSection(ExtensibilityGlobals) = postSolution
		SolutionGuid = {E172ACB9-E463-4C74-A71C-D9938A826060}
	EndGlobalSection
EndGlobal
